PODS:
  - CocoaAsyncSocket (7.6.5)
  - JKVValue (1.3.3)
  - RMQClient (0.11.0):
    - CocoaAsyncSocket (~> 7.6)
    - JKVValue (~> 1.3)

DEPENDENCIES:
  - RMQClient (~> 0.11.0)

SPEC REPOS:
  trunk:
    - CocoaAsyncSocket
    - JKVValue
    - RMQClient

SPEC CHECKSUMS:
  CocoaAsyncSocket: 065fd1e645c7abab64f7a6a2007a48038fdc6a99
  JKVValue: d7941071b1cf9ba35c194fd40bcf4c4d9b5462e9
  RMQClient: c77b0e715dbfcdfe81b304aa4f4e82b3d7ef6ff5

PODFILE CHECKSUM: d43b8baccd81b62e238ed2327b6522a1ca5694ac

COCOAPODS: 1.11.2
